
Microsoft Visual Studio Solution File, Format Version 12.00
# Visual Studio Version 17
VisualStudioVersion = 17.14.36414.22 d17.14
MinimumVisualStudioVersion = 10.0.40219.1
Project("{8BC9CEB8-8B4A-11D0-8D11-00A0C91BC942}") = "Nodes home work", "Nodes home work\Nodes home work.vcxproj", "{A285AAE1-D23B-420C-BA9D-7CDC68344C8D}"
EndProject
Global
	GlobalSection(SolutionConfigurationPlatforms) = preSolution
		Debug|x64 = Debug|x64
		Debug|x86 = Debug|x86
		Release|x64 = Release|x64
		Release|x86 = Release|x86
	EndGlobalSection
	GlobalSection(ProjectConfigurationPlatforms) = postSolution
		{A285AAE1-D23B-420C-BA9D-7CDC68344C8D}.Debug|x64.ActiveCfg = Debug|x64
		{A285AAE1-D23B-420C-BA9D-7CDC68344C8D}.Debug|x64.Build.0 = Debug|x64
		{A285AAE1-D23B-420C-BA9D-7CDC68344C8D}.Debug|x86.ActiveCfg = Debug|Win32
		{A285AAE1-D23B-420C-BA9D-7CDC68344C8D}.Debug|x86.Build.0 = Debug|Win32
		{A285AAE1-D23B-420C-BA9D-7CDC68344C8D}.Release|x64.ActiveCfg = Release|x64
		{A285AAE1-D23B-420C-BA9D-7CDC68344C8D}.Release|x64.Build.0 = Release|x64
		{A285AAE1-D23B-420C-BA9D-7CDC68344C8D}.Release|x86.ActiveCfg = Release|Win32
		{A285AAE1-D23B-420C-BA9D-7CDC68344C8D}.Release|x86.Build.0 = Release|Win32
	EndGlobalSection
	GlobalSection(SolutionProperties) = preSolution
		HideSolutionNode = FALSE
	EndGlobalSection
	GlobalSection(ExtensibilityGlobals) = postSolution
		SolutionGuid = {6D15E9AA-B5A9-45C2-A104-85ABC12AFC93}
	EndGlobalSection
EndGlobal
